
Microsoft Visual Studio Solution File, Format Version 12.00
# Visual Studio Version 17
Project("{8BC9CEB8-8B4A-11D0-8D11-00A0C91BC942}") = "AndromedaV2", "AndromedaV2\AndromedaV2.vcxproj", "{18E789A0-849C-0296-0D91-FC6C7945F999}"
EndProject
Global
	GlobalSection(SolutionConfigurationPlatforms) = preSolution
		DebugOptimized|Editor = DebugOptimized|Editor
		DebugOptimized|Linux = DebugOptimized|Linux
		DebugOptimized|MacOS = DebugOptimized|MacOS
		DebugOptimized|PS5 = DebugOptimized|PS5
		DebugOptimized|Win64 = DebugOptimized|Win64
		DebugOptimized|XBSX = DebugOptimized|XBSX
		Debug|Editor = Debug|Editor
		Debug|Linux = Debug|Linux
		Debug|MacOS = Debug|MacOS
		Debug|PS5 = Debug|PS5
		Debug|Win64 = Debug|Win64
		Debug|XBSX = Debug|XBSX
		Release|Editor = Release|Editor
		Release|Linux = Release|Linux
		Release|MacOS = Release|MacOS
		Release|PS5 = Release|PS5
		Release|Win64 = Release|Win64
		Release|XBSX = Release|XBSX
	EndGlobalSection
	GlobalSection(ProjectConfigurationPlatforms) = postSolution
		{18E789A0-849C-0296-0D91-FC6C7945F999}.DebugOptimized|Editor.ActiveCfg = DebugOptimized Editor|x64
		{18E789A0-849C-0296-0D91-FC6C7945F999}.DebugOptimized|Editor.Build.0 = DebugOptimized Editor|x64
		{18E789A0-849C-0296-0D91-FC6C7945F999}.DebugOptimized|Linux.ActiveCfg = DebugOptimized Linux|x64
		{18E789A0-849C-0296-0D91-FC6C7945F999}.DebugOptimized|Linux.Build.0 = DebugOptimized Linux|x64
		{18E789A0-849C-0296-0D91-FC6C7945F999}.DebugOptimized|MacOS.ActiveCfg = DebugOptimized MacOS|x64
		{18E789A0-849C-0296-0D91-FC6C7945F999}.DebugOptimized|MacOS.Build.0 = DebugOptimized MacOS|x64
		{18E789A0-849C-0296-0D91-FC6C7945F999}.DebugOptimized|PS5.ActiveCfg = DebugOptimized PS5|x64
		{18E789A0-849C-0296-0D91-FC6C7945F999}.DebugOptimized|PS5.Build.0 = DebugOptimized PS5|x64
		{18E789A0-849C-0296-0D91-FC6C7945F999}.DebugOptimized|Win64.ActiveCfg = DebugOptimized Win64|x64
		{18E789A0-849C-0296-0D91-FC6C7945F999}.DebugOptimized|Win64.Build.0 = DebugOptimized Win64|x64
		{18E789A0-849C-0296-0D91-FC6C7945F999}.DebugOptimized|XBSX.ActiveCfg = DebugOptimized XBSX|x64
		{18E789A0-849C-0296-0D91-FC6C7945F999}.DebugOptimized|XBSX.Build.0 = DebugOptimized XBSX|x64
		{18E789A0-849C-0296-0D91-FC6C7945F999}.Debug|Editor.ActiveCfg = Debug Editor|x64
		{18E789A0-849C-0296-0D91-FC6C7945F999}.Debug|Editor.Build.0 = Debug Editor|x64
		{18E789A0-849C-0296-0D91-FC6C7945F999}.Debug|Linux.ActiveCfg = Debug Linux|x64
		{18E789A0-849C-0296-0D91-FC6C7945F999}.Debug|Linux.Build.0 = Debug Linux|x64
		{18E789A0-849C-0296-0D91-FC6C7945F999}.Debug|MacOS.ActiveCfg = Debug MacOS|x64
		{18E789A0-849C-0296-0D91-FC6C7945F999}.Debug|MacOS.Build.0 = Debug MacOS|x64
		{18E789A0-849C-0296-0D91-FC6C7945F999}.Debug|PS5.ActiveCfg = Debug PS5|x64
		{18E789A0-849C-0296-0D91-FC6C7945F999}.Debug|PS5.Build.0 = Debug PS5|x64
		{18E789A0-849C-0296-0D91-FC6C7945F999}.Debug|Win64.ActiveCfg = Debug Win64|x64
		{18E789A0-849C-0296-0D91-FC6C7945F999}.Debug|Win64.Build.0 = Debug Win64|x64
		{18E789A0-849C-0296-0D91-FC6C7945F999}.Debug|XBSX.ActiveCfg = Debug XBSX|x64
		{18E789A0-849C-0296-0D91-FC6C7945F999}.Debug|XBSX.Build.0 = Debug XBSX|x64
		{18E789A0-849C-0296-0D91-FC6C7945F999}.Release|Editor.ActiveCfg = Release Editor|x64
		{18E789A0-849C-0296-0D91-FC6C7945F999}.Release|Editor.Build.0 = Release Editor|x64
		{18E789A0-849C-0296-0D91-FC6C7945F999}.Release|Linux.ActiveCfg = Release Linux|x64
		{18E789A0-849C-0296-0D91-FC6C7945F999}.Release|Linux.Build.0 = Release Linux|x64
		{18E789A0-849C-0296-0D91-FC6C7945F999}.Release|MacOS.ActiveCfg = Release MacOS|x64
		{18E789A0-849C-0296-0D91-FC6C7945F999}.Release|MacOS.Build.0 = Release MacOS|x64
		{18E789A0-849C-0296-0D91-FC6C7945F999}.Release|PS5.ActiveCfg = Release PS5|x64
		{18E789A0-849C-0296-0D91-FC6C7945F999}.Release|PS5.Build.0 = Release PS5|x64
		{18E789A0-849C-0296-0D91-FC6C7945F999}.Release|Win64.ActiveCfg = Release Win64|x64
		{18E789A0-849C-0296-0D91-FC6C7945F999}.Release|Win64.Build.0 = Release Win64|x64
		{18E789A0-849C-0296-0D91-FC6C7945F999}.Release|XBSX.ActiveCfg = Release XBSX|x64
		{18E789A0-849C-0296-0D91-FC6C7945F999}.Release|XBSX.Build.0 = Release XBSX|x64
	EndGlobalSection
	GlobalSection(SolutionProperties) = preSolution
		HideSolutionNode = FALSE
	EndGlobalSection
EndGlobal
